
Microsoft Visual Studio Solution File, Format Version 12.00
# Visual Studio Version 17
VisualStudioVersion = 17.3.32922.545
MinimumVisualStudioVersion = 10.0.40219.1
Project("{9A19103F-16F7-4668-BE54-9A1E7A4F7556}") = "Day2RockPaperScissor", "Day2RockPaperScissor\Day2RockPaperScissor.csproj", "{EC013EF9-BF8B-43F7-B95A-0ADB1F0F483D}"
EndProject
Global
	GlobalSection(SolutionConfigurationPlatforms) = preSolution
		Debug|Any CPU = Debug|Any CPU
		Release|Any CPU = Release|Any CPU
	EndGlobalSection
	GlobalSection(ProjectConfigurationPlatforms) = postSolution
		{EC013EF9-BF8B-43F7-B95A-0ADB1F0F483D}.Debug|Any CPU.ActiveCfg = Debug|Any CPU
		{EC013EF9-BF8B-43F7-B95A-0ADB1F0F483D}.Debug|Any CPU.Build.0 = Debug|Any CPU
		{EC013EF9-BF8B-43F7-B95A-0ADB1F0F483D}.Release|Any CPU.ActiveCfg = Release|Any CPU
		{EC013EF9-BF8B-43F7-B95A-0ADB1F0F483D}.Release|Any CPU.Build.0 = Release|Any CPU
	EndGlobalSection
	GlobalSection(SolutionProperties) = preSolution
		HideSolutionNode = FALSE
	EndGlobalSection
	GlobalSection(ExtensibilityGlobals) = postSolution
		SolutionGuid = {E6FE311D-168D-4023-B339-62F88DC72634}
	EndGlobalSection
EndGlobal
