
Microsoft Visual Studio Solution File, Format Version 12.00
# Visual Studio Version 17
VisualStudioVersion = 17.3.32922.545
MinimumVisualStudioVersion = 10.0.40219.1
Project("{9A19103F-16F7-4668-BE54-9A1E7A4F7556}") = "Day2RockPaperScissors.Console", "Day2RockPaperScissors.Console\Day2RockPaperScissors.Console.csproj", "{8B640CBE-E4CA-4EE6-B4D6-E44845A39529}"
EndProject
Project("{9A19103F-16F7-4668-BE54-9A1E7A4F7556}") = "Day2RockPaperScissor.Tests", "Day2RockPaperScissors.Tests\Day2RockPaperScissor.Tests.csproj", "{AA1A2013-C857-40B1-8E8A-A9294D6E0E91}"
EndProject
Project("{FAE04EC0-301F-11D3-BF4B-00C04F79EFBC}") = "Day3RucksackReorganization.Console", "Day3RucksackReorganization.Console\Day3RucksackReorganization.Console.csproj", "{25D23221-EE3A-4F16-866A-18246BA32975}"
EndProject
Project("{FAE04EC0-301F-11D3-BF4B-00C04F79EFBC}") = "Day3RucksackReorganization.Tests", "Day3RucksackReorganization.Tests\Day3RucksackReorganization.Tests.csproj", "{E77D8618-9B3E-443E-ACD7-B48403B7BCF7}"
EndProject
Global
	GlobalSection(SolutionConfigurationPlatforms) = preSolution
		Debug|Any CPU = Debug|Any CPU
		Release|Any CPU = Release|Any CPU
	EndGlobalSection
	GlobalSection(ProjectConfigurationPlatforms) = postSolution
		{8B640CBE-E4CA-4EE6-B4D6-E44845A39529}.Debug|Any CPU.ActiveCfg = Debug|Any CPU
		{8B640CBE-E4CA-4EE6-B4D6-E44845A39529}.Debug|Any CPU.Build.0 = Debug|Any CPU
		{8B640CBE-E4CA-4EE6-B4D6-E44845A39529}.Release|Any CPU.ActiveCfg = Release|Any CPU
		{8B640CBE-E4CA-4EE6-B4D6-E44845A39529}.Release|Any CPU.Build.0 = Release|Any CPU
		{AA1A2013-C857-40B1-8E8A-A9294D6E0E91}.Debug|Any CPU.ActiveCfg = Debug|Any CPU
		{AA1A2013-C857-40B1-8E8A-A9294D6E0E91}.Debug|Any CPU.Build.0 = Debug|Any CPU
		{AA1A2013-C857-40B1-8E8A-A9294D6E0E91}.Release|Any CPU.ActiveCfg = Release|Any CPU
		{AA1A2013-C857-40B1-8E8A-A9294D6E0E91}.Release|Any CPU.Build.0 = Release|Any CPU
		{25D23221-EE3A-4F16-866A-18246BA32975}.Debug|Any CPU.ActiveCfg = Debug|Any CPU
		{25D23221-EE3A-4F16-866A-18246BA32975}.Debug|Any CPU.Build.0 = Debug|Any CPU
		{25D23221-EE3A-4F16-866A-18246BA32975}.Release|Any CPU.ActiveCfg = Release|Any CPU
		{25D23221-EE3A-4F16-866A-18246BA32975}.Release|Any CPU.Build.0 = Release|Any CPU
		{E77D8618-9B3E-443E-ACD7-B48403B7BCF7}.Debug|Any CPU.ActiveCfg = Debug|Any CPU
		{E77D8618-9B3E-443E-ACD7-B48403B7BCF7}.Debug|Any CPU.Build.0 = Debug|Any CPU
		{E77D8618-9B3E-443E-ACD7-B48403B7BCF7}.Release|Any CPU.ActiveCfg = Release|Any CPU
		{E77D8618-9B3E-443E-ACD7-B48403B7BCF7}.Release|Any CPU.Build.0 = Release|Any CPU
	EndGlobalSection
	GlobalSection(SolutionProperties) = preSolution
		HideSolutionNode = FALSE
	EndGlobalSection
	GlobalSection(ExtensibilityGlobals) = postSolution
		SolutionGuid = {E6FE311D-168D-4023-B339-62F88DC72634}
	EndGlobalSection
EndGlobal
